
Microsoft Visual Studio Solution File, Format Version 12.00
# Visual Studio Version 16
VisualStudioVersion = 16.0.31729.503
MinimumVisualStudioVersion = 10.0.40219.1
Project("{FAE04EC0-301F-11D3-BF4B-00C04F79EFBC}") = "EncoderTesteur", "EncoderTesteur.csproj", "{62D0F9DC-2415-4DAC-AB1B-4624477059E2}"
EndProject
Project("{FAE04EC0-301F-11D3-BF4B-00C04F79EFBC}") = "Base64", "..\Base64\Base64.csproj", "{A7E9AC1D-C5EE-4A0E-A821-74EB011B80FC}"
EndProject
Global
	GlobalSection(SolutionConfigurationPlatforms) = preSolution
		Debug|Any CPU = Debug|Any CPU
		Release|Any CPU = Release|Any CPU
	EndGlobalSection
	GlobalSection(ProjectConfigurationPlatforms) = postSolution
		{62D0F9DC-2415-4DAC-AB1B-4624477059E2}.Debug|Any CPU.ActiveCfg = Debug|Any CPU
		{62D0F9DC-2415-4DAC-AB1B-4624477059E2}.Debug|Any CPU.Build.0 = Debug|Any CPU
		{62D0F9DC-2415-4DAC-AB1B-4624477059E2}.Release|Any CPU.ActiveCfg = Release|Any CPU
		{62D0F9DC-2415-4DAC-AB1B-4624477059E2}.Release|Any CPU.Build.0 = Release|Any CPU
		{A7E9AC1D-C5EE-4A0E-A821-74EB011B80FC}.Debug|Any CPU.ActiveCfg = Debug|Any CPU
		{A7E9AC1D-C5EE-4A0E-A821-74EB011B80FC}.Debug|Any CPU.Build.0 = Debug|Any CPU
		{A7E9AC1D-C5EE-4A0E-A821-74EB011B80FC}.Release|Any CPU.ActiveCfg = Release|Any CPU
		{A7E9AC1D-C5EE-4A0E-A821-74EB011B80FC}.Release|Any CPU.Build.0 = Release|Any CPU
	EndGlobalSection
	GlobalSection(SolutionProperties) = preSolution
		HideSolutionNode = FALSE
	EndGlobalSection
	GlobalSection(ExtensibilityGlobals) = postSolution
		SolutionGuid = {14EDE23D-EEDC-40AA-916C-6822FD75F6B3}
	EndGlobalSection
EndGlobal
